dependencies:
- name: pgvector
  repository: https://rh-ai-quickstart.github.io/ai-architecture-charts
  version: 0.5.5
- name: llama-stack
  repository: https://rh-ai-quickstart.github.io/ai-architecture-charts
  version: 0.8.6
- name: llm-service
  repository: https://rh-ai-quickstart.github.io/ai-architecture-charts
  version: 0.5.9
digest: sha256:7fb0582079aeb6da9e1f1f2407a7cafd1f0fc4a47f42ac069ba65e7f708b1455
generated: "2026-06-09T10:27:11.41233-04:00"
